# THIS IS AN AUTOGENERATED FILE. DO NOT EDIT THIS FILE DIRECTLY.
# yarn lockfile v1


lodash@^4.17.11:
  version "4.17.21"
  resolved "https://registry.yarnpkg.com/lodash/-/lodash-4.17.21.tgz#679591c564c3bffaae8454cf0b3df370c3d6911c"
  integrity sha512-v2kDEe57lecTulaDIuNTPy3Ry4gLGJ6Z1O3vE1krgXZNrsQ+LFTGHVxVjcXPs17LhbZVGedAJv8XZ1tvj5FvSg==

mobx-persist@^0.4.1:
  version "0.4.1"
  resolved "https://registry.yarnpkg.com/mobx-persist/-/mobx-persist-0.4.1.tgz#fe5790eda04e0ee0b91c512d1347104e09363f9a"
  integrity sha512-cPxVuZTY5neesxOV/Z25SF4+/NbC6wfHOe9HT5XoSEkAALNxNE41yDK48peJQ3iK14m0G2ywQRklCXeV3wftnQ==
  dependencies:
    serializr "^1.1.11"

mobx-react-form@^3.2.0:
  version "3.2.0"
  resolved "https://registry.yarnpkg.com/mobx-react-form/-/mobx-react-form-3.2.0.tgz#3e2adefd21b077a857e83fe1ab498759049880e0"
  integrity sha512-7ddOvBulXW5VSMpxrok0A1VGZuWgn1cSvQ2HFXK2uMg631/37Anck7ASWEqK3AzKOaaP9/0kr7VCChqvhyotzQ==
  dependencies:
    lodash "^4.17.11"

mobx-react-lite@^3.4.0:
  version "3.4.0"
  resolved "https://registry.yarnpkg.com/mobx-react-lite/-/mobx-react-lite-3.4.0.tgz#d59156a96889cdadad751e5e4dab95f28926dfff"
  integrity sha512-bRuZp3C0itgLKHu/VNxi66DN/XVkQG7xtoBVWxpvC5FhAqbOCP21+nPhULjnzEqd7xBMybp6KwytdUpZKEgpIQ==

mobx-react@^7.5.2:
  version "7.5.2"
  resolved "https://registry.yarnpkg.com/mobx-react/-/mobx-react-7.5.2.tgz#362d6dc7271698caf3b56229c3c68fb0b30e682e"
  integrity sha512-NP44ONwSqTy+3KlD7y9k7xbsuGD+8mgUj3IeI65SbxF1IOB42/j9TbosgUEDn//CCuU6OmQ7k9oiu9eSpRBHnw==
  dependencies:
    mobx-react-lite "^3.4.0"

mobx@^6.6.1:
  version "6.6.1"
  resolved "https://registry.yarnpkg.com/mobx/-/mobx-6.6.1.tgz#70ee6aa82f25aeb7e7d522bd621207434e509318"
  integrity sha512-7su3UZv5JF+ohLr2opabjbUAERfXstMY+wiBtey8yNAPoB8H187RaQXuhFjNkH8aE4iHbDWnhDFZw0+5ic4nGQ==

serializr@^1.1.11:
  version "1.5.4"
  resolved "https://registry.yarnpkg.com/serializr/-/serializr-1.5.4.tgz#3ddf1cb7b4465c9c3f72bab0cbc41e09dbe50c33"
  integrity sha512-ImLlkNfNSSv9d7Ah1j/yrPk1FHbRC1zkD7URcgx/8M1eYHGUxGf/Ig/d8ML04ifqN7QesyYKsfLYA4xjAVAR/g==

valid-url@^1.0.9:
  version "1.0.9"
  resolved "https://registry.yarnpkg.com/valid-url/-/valid-url-1.0.9.tgz#1c14479b40f1397a75782f115e4086447433a200"
  integrity sha512-QQDsV8OnSf5Uc30CKSwG9lnhMPe6exHtTXLRYX8uMwKENy640pU+2BgBL0LRbDh/eYRahNCS7aewCx0wf3NYVA==

validatorjs@^3.22.1:
  version "3.22.1"
  resolved "https://registry.yarnpkg.com/validatorjs/-/validatorjs-3.22.1.tgz#13dbbe6556cf4ab87759105d13b1d31a9a54ce54"
  integrity sha512-451KiCt/3E8qV/8fOUdO0YkA8zUdQBNVxubg9jvgEB+JAg9IlRKrClzwq2ir2ndj7TWmPYQ7bXFb4BxcyX2iWw==
