
Microsoft Visual Studio Solution File, Format Version 12.00
# Visual Studio Version 17
VisualStudioVersion = 17.2.32516.85
MinimumVisualStudioVersion = 10.0.40219.1
Project("{9A19103F-16F7-4668-BE54-9A1E7A4F7556}") = "Bozota", "Bozota\Bozota.csproj", "{09D2CEAD-DBAB-4000-9F3D-2B58AFC09FAD}"
EndProject
Project("{FAE04EC0-301F-11D3-BF4B-00C04F79EFBC}") = "Bozota.Test", "Bozota.Test\Bozota.Test.csproj", "{4F18C993-18B4-451B-8F4B-C8DF444C994D}"
EndProject
Global
	GlobalSection(SolutionConfigurationPlatforms) = preSolution
		Debug|Any CPU = Debug|Any CPU
		Release|Any CPU = Release|Any CPU
	EndGlobalSection
	GlobalSection(ProjectConfigurationPlatforms) = postSolution
		{09D2CEAD-DBAB-4000-9F3D-2B58AFC09FAD}.Debug|Any CPU.ActiveCfg = Debug|Any CPU
		{09D2CEAD-DBAB-4000-9F3D-2B58AFC09FAD}.Debug|Any CPU.Build.0 = Debug|Any CPU
		{09D2CEAD-DBAB-4000-9F3D-2B58AFC09FAD}.Release|Any CPU.ActiveCfg = Release|Any CPU
		{09D2CEAD-DBAB-4000-9F3D-2B58AFC09FAD}.Release|Any CPU.Build.0 = Release|Any CPU
		{4F18C993-18B4-451B-8F4B-C8DF444C994D}.Debug|Any CPU.ActiveCfg = Debug|Any CPU
		{4F18C993-18B4-451B-8F4B-C8DF444C994D}.Debug|Any CPU.Build.0 = Debug|Any CPU
		{4F18C993-18B4-451B-8F4B-C8DF444C994D}.Release|Any CPU.ActiveCfg = Release|Any CPU
		{4F18C993-18B4-451B-8F4B-C8DF444C994D}.Release|Any CPU.Build.0 = Release|Any CPU
	EndGlobalSection
	GlobalSection(SolutionProperties) = preSolution
		HideSolutionNode = FALSE
	EndGlobalSection
	GlobalSection(ExtensibilityGlobals) = postSolution
		SolutionGuid = {00683462-73CA-4A4A-B8A4-244F98267839}
	EndGlobalSection
EndGlobal
